
Microsoft Visual Studio Solution File, Format Version 12.00
# Visual Studio Version 17
VisualStudioVersion = 17.6.33723.286
MinimumVisualStudioVersion = 10.0.40219.1
Project("{FAE04EC0-301F-11D3-BF4B-00C04F79EFBC}") = "KAMStoreNew", "KAMStoreNew\KAMStoreNew.csproj", "{9FB77C3B-3ED2-40F1-951E-99B432D71F4F}"
EndProject
Global
	GlobalSection(SolutionConfigurationPlatforms) = preSolution
		Debug|Any CPU = Debug|Any CPU
		Release|Any CPU = Release|Any CPU
	EndGlobalSection
	GlobalSection(ProjectConfigurationPlatforms) = postSolution
		{9FB77C3B-3ED2-40F1-951E-99B432D71F4F}.Debug|Any CPU.ActiveCfg = Debug|Any CPU
		{9FB77C3B-3ED2-40F1-951E-99B432D71F4F}.Debug|Any CPU.Build.0 = Debug|Any CPU
		{9FB77C3B-3ED2-40F1-951E-99B432D71F4F}.Release|Any CPU.ActiveCfg = Release|Any CPU
		{9FB77C3B-3ED2-40F1-951E-99B432D71F4F}.Release|Any CPU.Build.0 = Release|Any CPU
	EndGlobalSection
	GlobalSection(SolutionProperties) = preSolution
		HideSolutionNode = FALSE
	EndGlobalSection
	GlobalSection(ExtensibilityGlobals) = postSolution
		SolutionGuid = {BFEC6FC8-5102-4CF7-91BB-04EAA34EA92C}
	EndGlobalSection
EndGlobal
